
Microsoft Visual Studio Solution File, Format Version 12.00
# Visual Studio Version 17
VisualStudioVersion = 17.3.32901.215
MinimumVisualStudioVersion = 10.0.40219.1
Project("{FAE04EC0-301F-11D3-BF4B-00C04F79EFBC}") = "ornek6", "ornek6\ornek6.csproj", "{7926335A-B0CB-4CCB-A5CC-9E9F6A04B0B7}"
EndProject
Global
	GlobalSection(SolutionConfigurationPlatforms) = preSolution
		Debug|Any CPU = Debug|Any CPU
		Release|Any CPU = Release|Any CPU
	EndGlobalSection
	GlobalSection(ProjectConfigurationPlatforms) = postSolution
		{7926335A-B0CB-4CCB-A5CC-9E9F6A04B0B7}.Debug|Any CPU.ActiveCfg = Debug|Any CPU
		{7926335A-B0CB-4CCB-A5CC-9E9F6A04B0B7}.Debug|Any CPU.Build.0 = Debug|Any CPU
		{7926335A-B0CB-4CCB-A5CC-9E9F6A04B0B7}.Release|Any CPU.ActiveCfg = Release|Any CPU
		{7926335A-B0CB-4CCB-A5CC-9E9F6A04B0B7}.Release|Any CPU.Build.0 = Release|Any CPU
	EndGlobalSection
	GlobalSection(SolutionProperties) = preSolution
		HideSolutionNode = FALSE
	EndGlobalSection
	GlobalSection(ExtensibilityGlobals) = postSolution
		SolutionGuid = {694FF7A6-0530-4577-95F0-67CE4E35C724}
	EndGlobalSection
EndGlobal
